
Microsoft Visual Studio Solution File, Format Version 12.00
# Visual Studio 15
VisualStudioVersion = 15.0.27130.2010
MinimumVisualStudioVersion = 10.0.40219.1
Project("{9A19103F-16F7-4668-BE54-9A1E7A4F7556}") = "TitleSearch", "TitleSearch\TitleSearch.csproj", "{21B35B4E-9ED0-4C3B-8F66-CE8383310918}"
EndProject
Project("{9A19103F-16F7-4668-BE54-9A1E7A4F7556}") = "TitleSearch.Core", "TitleSearch.Core\TitleSearch.Core.csproj", "{4E651135-B064-49E5-8C85-ECF5F537A835}"
EndProject
Global
	GlobalSection(SolutionConfigurationPlatforms) = preSolution
		Debug|Any CPU = Debug|Any CPU
		Release|Any CPU = Release|Any CPU
	EndGlobalSection
	GlobalSection(ProjectConfigurationPlatforms) = postSolution
		{21B35B4E-9ED0-4C3B-8F66-CE8383310918}.Debug|Any CPU.ActiveCfg = Debug|Any CPU
		{21B35B4E-9ED0-4C3B-8F66-CE8383310918}.Debug|Any CPU.Build.0 = Debug|Any CPU
		{21B35B4E-9ED0-4C3B-8F66-CE8383310918}.Release|Any CPU.ActiveCfg = Release|Any CPU
		{21B35B4E-9ED0-4C3B-8F66-CE8383310918}.Release|Any CPU.Build.0 = Release|Any CPU
		{4E651135-B064-49E5-8C85-ECF5F537A835}.Debug|Any CPU.ActiveCfg = Debug|Any CPU
		{4E651135-B064-49E5-8C85-ECF5F537A835}.Debug|Any CPU.Build.0 = Debug|Any CPU
		{4E651135-B064-49E5-8C85-ECF5F537A835}.Release|Any CPU.ActiveCfg = Release|Any CPU
		{4E651135-B064-49E5-8C85-ECF5F537A835}.Release|Any CPU.Build.0 = Release|Any CPU
	EndGlobalSection
	GlobalSection(SolutionProperties) = preSolution
		HideSolutionNode = FALSE
	EndGlobalSection
	GlobalSection(ExtensibilityGlobals) = postSolution
		SolutionGuid = {552BFCEA-A762-4005-88BC-958192072E74}
	EndGlobalSection
EndGlobal
